
Microsoft Visual Studio Solution File, Format Version 12.00
# Visual Studio Version 17
VisualStudioVersion = 17.0.31717.71
MinimumVisualStudioVersion = 10.0.40219.1
Project("{8662EABC-8DDA-436C-A6E2-FF6D565EA3B6}") = "PubSysLayout.Server", "Server\PubSysLayout.Server.csproj", "{6091B3F7-B8F5-41E5-8CDA-6F5B82FD83A9}"
EndProject
Project("{8662EABC-8DDA-436C-A6E2-FF6D565EA3B6}") = "PubSysLayout.Client", "Client\PubSysLayout.Client.csproj", "{D034C98E-B723-4598-A8B1-60D26A1D8FA3}"
EndProject
Project("{8662EABC-8DDA-436C-A6E2-FF6D565EA3B6}") = "PubSysLayout.Shared", "Shared\PubSysLayout.Shared.csproj", "{5B9E6042-3B10-4A90-87EF-6320473AFBE5}"
EndProject
Global
	GlobalSection(SolutionConfigurationPlatforms) = preSolution
		Debug|Any CPU = Debug|Any CPU
		Release|Any CPU = Release|Any CPU
	EndGlobalSection
	GlobalSection(ProjectConfigurationPlatforms) = postSolution
		{6091B3F7-B8F5-41E5-8CDA-6F5B82FD83A9}.Debug|Any CPU.ActiveCfg = Debug|Any CPU
		{6091B3F7-B8F5-41E5-8CDA-6F5B82FD83A9}.Debug|Any CPU.Build.0 = Debug|Any CPU
		{6091B3F7-B8F5-41E5-8CDA-6F5B82FD83A9}.Release|Any CPU.ActiveCfg = Release|Any CPU
		{6091B3F7-B8F5-41E5-8CDA-6F5B82FD83A9}.Release|Any CPU.Build.0 = Release|Any CPU
		{D034C98E-B723-4598-A8B1-60D26A1D8FA3}.Debug|Any CPU.ActiveCfg = Debug|Any CPU
		{D034C98E-B723-4598-A8B1-60D26A1D8FA3}.Debug|Any CPU.Build.0 = Debug|Any CPU
		{D034C98E-B723-4598-A8B1-60D26A1D8FA3}.Release|Any CPU.ActiveCfg = Release|Any CPU
		{D034C98E-B723-4598-A8B1-60D26A1D8FA3}.Release|Any CPU.Build.0 = Release|Any CPU
		{5B9E6042-3B10-4A90-87EF-6320473AFBE5}.Debug|Any CPU.ActiveCfg = Debug|Any CPU
		{5B9E6042-3B10-4A90-87EF-6320473AFBE5}.Debug|Any CPU.Build.0 = Debug|Any CPU
		{5B9E6042-3B10-4A90-87EF-6320473AFBE5}.Release|Any CPU.ActiveCfg = Release|Any CPU
		{5B9E6042-3B10-4A90-87EF-6320473AFBE5}.Release|Any CPU.Build.0 = Release|Any CPU
	EndGlobalSection
	GlobalSection(SolutionProperties) = preSolution
		HideSolutionNode = FALSE
	EndGlobalSection
	GlobalSection(ExtensibilityGlobals) = postSolution
		SolutionGuid = {9629E58B-D2EE-4BA4-A9AC-8AD371BC78DB}
	EndGlobalSection
EndGlobal